# This file was autogenerated by Stack.
# You should not edit this file by hand.
# For more information, please see the documentation at:
#   https://docs.haskellstack.org/en/stable/topics/lock_files

packages:
- completed:
    hackage: bitmap-0.0.2@sha256:4b0cd4e7d24ae2cdc23e76aefd45fcffa77c8bec922ecb600832e951cb507992,1622
    pantry-tree:
      sha256: b1d4eb48f3817438454a74f32bf5c684a554b35d6f68b6dcffe63c02ac12f238
      size: 876
  original:
    hackage: bitmap-0.0.2
snapshots:
- completed:
    sha256: a81fb3877c4f9031e1325eb3935122e608d80715dc16b586eb11ddbff8671ecd
    size: 640086
    url: http://mirrors.ustc.edu.cn/stackage/stackage-snapshots/lts/21/25.yaml
  original: lts-21.25
